
Microsoft Visual Studio Solution File, Format Version 12.00
# Visual Studio Version 16
VisualStudioVersion = 16.0.29613.14
MinimumVisualStudioVersion = 10.0.40219.1
Project("{9A19103F-16F7-4668-BE54-9A1E7A4F7556}") = "SonicHeroes.Utils.OneRedirector", "SonicHeroes.Utils.OneRedirector\SonicHeroes.Utils.OneRedirector.csproj", "{14B96780-1396-45CC-85C5-35A7993D398D}"
EndProject
Project("{2150E333-8FDC-42A3-9474-1A3956D46DE8}") = "Submodules", "Submodules", "{6775D225-963B-450B-85D1-8CC72612EBA8}"
EndProject
Project("{9A19103F-16F7-4668-BE54-9A1E7A4F7556}") = "Heroes.SDK", "Submodules\Heroes.SDK\Heroes.SDK.Library\Heroes.SDK.csproj", "{F7C79F6E-13D9-414D-BFD0-B125643431FB}"
EndProject
Global
	GlobalSection(SolutionConfigurationPlatforms) = preSolution
		Debug|Any CPU = Debug|Any CPU
		Release|Any CPU = Release|Any CPU
	EndGlobalSection
	GlobalSection(ProjectConfigurationPlatforms) = postSolution
		{14B96780-1396-45CC-85C5-35A7993D398D}.Debug|Any CPU.ActiveCfg = Debug|Any CPU
		{14B96780-1396-45CC-85C5-35A7993D398D}.Debug|Any CPU.Build.0 = Debug|Any CPU
		{14B96780-1396-45CC-85C5-35A7993D398D}.Release|Any CPU.ActiveCfg = Release|Any CPU
		{14B96780-1396-45CC-85C5-35A7993D398D}.Release|Any CPU.Build.0 = Release|Any CPU
		{F7C79F6E-13D9-414D-BFD0-B125643431FB}.Debug|Any CPU.ActiveCfg = Debug|Any CPU
		{F7C79F6E-13D9-414D-BFD0-B125643431FB}.Debug|Any CPU.Build.0 = Debug|Any CPU
		{F7C79F6E-13D9-414D-BFD0-B125643431FB}.Release|Any CPU.ActiveCfg = Release|Any CPU
		{F7C79F6E-13D9-414D-BFD0-B125643431FB}.Release|Any CPU.Build.0 = Release|Any CPU
	EndGlobalSection
	GlobalSection(SolutionProperties) = preSolution
		HideSolutionNode = FALSE
	EndGlobalSection
	GlobalSection(NestedProjects) = preSolution
		{F7C79F6E-13D9-414D-BFD0-B125643431FB} = {6775D225-963B-450B-85D1-8CC72612EBA8}
	EndGlobalSection
	GlobalSection(ExtensibilityGlobals) = postSolution
		SolutionGuid = {F28FC068-474E-46B6-B279-73F685DA1CAF}
	EndGlobalSection
EndGlobal
